
Microsoft Visual Studio Solution File, Format Version 12.00
# Visual Studio Version 17
VisualStudioVersion = 17.3.32901.215
MinimumVisualStudioVersion = 10.0.40219.1
Project("{FAE04EC0-301F-11D3-BF4B-00C04F79EFBC}") = "Task1", "Task1\Task1.csproj", "{16F6D682-13BC-4069-876B-2022BCC02BA0}"
EndProject
Global
	GlobalSection(SolutionConfigurationPlatforms) = preSolution
		Debug|Any CPU = Debug|Any CPU
		Release|Any CPU = Release|Any CPU
	EndGlobalSection
	GlobalSection(ProjectConfigurationPlatforms) = postSolution
		{16F6D682-13BC-4069-876B-2022BCC02BA0}.Debug|Any CPU.ActiveCfg = Debug|Any CPU
		{16F6D682-13BC-4069-876B-2022BCC02BA0}.Debug|Any CPU.Build.0 = Debug|Any CPU
		{16F6D682-13BC-4069-876B-2022BCC02BA0}.Release|Any CPU.ActiveCfg = Release|Any CPU
		{16F6D682-13BC-4069-876B-2022BCC02BA0}.Release|Any CPU.Build.0 = Release|Any CPU
	EndGlobalSection
	GlobalSection(SolutionProperties) = preSolution
		HideSolutionNode = FALSE
	EndGlobalSection
	GlobalSection(ExtensibilityGlobals) = postSolution
		SolutionGuid = {B14134C6-3D78-4D52-9675-B6D723D5A484}
	EndGlobalSection
EndGlobal
